
Microsoft Visual Studio Solution File, Format Version 12.00
# Visual Studio Version 17
VisualStudioVersion = 17.5.002.0
MinimumVisualStudioVersion = 10.0.40219.1
Project("{9A19103F-16F7-4668-BE54-9A1E7A4F7556}") = "DesafioProjetoHospedagem", "DesafioProjetoHospedagem.csproj", "{ED91DA43-DA39-4543-A10B-467A44F52322}"
EndProject
Global
	GlobalSection(SolutionConfigurationPlatforms) = preSolution
		Debug|Any CPU = Debug|Any CPU
		Release|Any CPU = Release|Any CPU
	EndGlobalSection
	GlobalSection(ProjectConfigurationPlatforms) = postSolution
		{ED91DA43-DA39-4543-A10B-467A44F52322}.Debug|Any CPU.ActiveCfg = Debug|Any CPU
		{ED91DA43-DA39-4543-A10B-467A44F52322}.Debug|Any CPU.Build.0 = Debug|Any CPU
		{ED91DA43-DA39-4543-A10B-467A44F52322}.Release|Any CPU.ActiveCfg = Release|Any CPU
		{ED91DA43-DA39-4543-A10B-467A44F52322}.Release|Any CPU.Build.0 = Release|Any CPU
	EndGlobalSection
	GlobalSection(SolutionProperties) = preSolution
		HideSolutionNode = FALSE
	EndGlobalSection
	GlobalSection(ExtensibilityGlobals) = postSolution
		SolutionGuid = {8A4C69E2-8C83-4023-BCF0-50FF13EECE2D}
	EndGlobalSection
EndGlobal
